// !$*UTF8*$!
{
	archiveVersion = 1;
	classes = {
	};
	objectVersion = 50;
	objects = {

/* Begin PBXBuildFile section */
		D851721525BC88A100CF41E0 /* AppDelegate.swift in Sources */ = {isa = PBXBuildFile; fileRef = D851721425BC88A100CF41E0 /* AppDelegate.swift */; };
		D851721725BC88A100CF41E0 /* SceneDelegate.swift in Sources */ = {isa = PBXBuildFile; fileRef = D851721625BC88A100CF41E0 /* SceneDelegate.swift */; };
		D851721925BC88A100CF41E0 /* ViewController.swift in Sources */ = {isa = PBXBuildFile; fileRef = D851721825BC88A100CF41E0 /* ViewController.swift */; };
		D851721C25BC88A100CF41E0 /* Main.storyboard in Resources */ = {isa = PBXBuildFile; fileRef = D851721A25BC88A100CF41E0 /* Main.storyboard */; };
		D851721E25BC88A200CF41E0 /* Assets.xcassets in Resources */ = {isa = PBXBuildFile; fileRef = D851721D25BC88A200CF41E0 /* Assets.xcassets */; };
		D851722125BC88A200CF41E0 /* LaunchScreen.storyboard in Resources */ = {isa = PBXBuildFile; fileRef = D851721F25BC88A200CF41E0 /* LaunchScreen.storyboard */; };
		D87A46E725C813ED00A1FC03 /* MyImageClassifier 1.mlmodel in Sources */ = {isa = PBXBuildFile; fileRef = D87A46E625C813ED00A1FC03 /* MyImageClassifier 1.mlmodel */; };
		D87A46EA25C8150700A1FC03 /* AdviceDatasource.swift in Sources */ = {isa = PBXBuildFile; fileRef = D87A46E925C8150700A1FC03 /* AdviceDatasource.swift */; };
		D87A46ED25C8361400A1FC03 /* RoundedButton.swift in Sources */ = {isa = PBXBuildFile; fileRef = D87A46EC25C8361400A1FC03 /* RoundedButton.swift */; };
		D8B9548425C05F2100086CA0 /* EmotionClassifier.mlmodel in Sources */ = {isa = PBXBuildFile; fileRef = D8B9548325C05F2100086CA0 /* EmotionClassifier.mlmodel */; };
		D8F9156A25C97A8E00C0869A /* RoundedLabel.swift in Sources */ = {isa = PBXBuildFile; fileRef = D8F9156925C97A8E00C0869A /* RoundedLabel.swift */; };
/* End PBXBuildFile section */

/* Begin PBXFileReference section */
		D84AD9E925C47DB300DD8D8F /* MyPlayground.playground */ = {isa = PBXFileReference; lastKnownFileType = file.playground; path = MyPlayground.playground; sourceTree = "<group>"; xcLanguageSpecificationIdentifier = xcode.lang.swift; };
		D851721125BC88A100CF41E0 /* JustSmile.app */ = {isa = PBXFileReference; explicitFileType = wrapper.application; includeInIndex = 0; path = JustSmile.app; sourceTree = BUILT_PRODUCTS_DIR; };
		D851721425BC88A100CF41E0 /* AppDelegate.swift */ = {isa = PBXFileReference; lastKnownFileType = sourcecode.swift; path = AppDelegate.swift; sourceTree = "<group>"; };
		D851721625BC88A100CF41E0 /* SceneDelegate.swift */ = {isa = PBXFileReference; lastKnownFileType = sourcecode.swift; path = SceneDelegate.swift; sourceTree = "<group>"; };
		D851721825BC88A100CF41E0 /* ViewController.swift */ = {isa = PBXFileReference; lastKnownFileType = sourcecode.swift; path = ViewController.swift; sourceTree = "<group>"; };
		D851721B25BC88A100CF41E0 /* Base */ = {isa = PBXFileReference; lastKnownFileType = file.storyboard; name = Base; path = Base.lproj/Main.storyboard; sourceTree = "<group>"; };
		D851721D25BC88A200CF41E0 /* Assets.xcassets */ = {isa = PBXFileReference; lastKnownFileType = folder.assetcatalog; path = Assets.xcassets; sourceTree = "<group>"; };
		D851722025BC88A200CF41E0 /* Base */ = {isa = PBXFileReference; lastKnownFileType = file.storyboard; name = Base; path = Base.lproj/LaunchScreen.storyboard; sourceTree = "<group>"; };
		D851722225BC88A200CF41E0 /* Info.plist */ = {isa = PBXFileReference; lastKnownFileType = text.plist.xml; path = Info.plist; sourceTree = "<group>"; };
		D87A46E625C813ED00A1FC03 /* MyImageClassifier 1.mlmodel */ = {isa = PBXFileReference; lastKnownFileType = file.mlmodel; path = "MyImageClassifier 1.mlmodel"; sourceTree = "<group>"; };
		D87A46E925C8150700A1FC03 /* AdviceDatasource.swift */ = {isa = PBXFileReference; lastKnownFileType = sourcecode.swift; path = AdviceDatasource.swift; sourceTree = "<group>"; };
		D87A46EC25C8361400A1FC03 /* RoundedButton.swift */ = {isa = PBXFileReference; lastKnownFileType = sourcecode.swift; path = RoundedButton.swift; sourceTree = "<group>"; };
		D8B9548325C05F2100086CA0 /* EmotionClassifier.mlmodel */ = {isa = PBXFileReference; lastKnownFileType = file.mlmodel; path = EmotionClassifier.mlmodel; sourceTree = "<group>"; };
		D8F9156925C97A8E00C0869A /* RoundedLabel.swift */ = {isa = PBXFileReference; lastKnownFileType = sourcecode.swift; path = RoundedLabel.swift; sourceTree = "<group>"; };
/* End PBXFileReference section */

/* Begin PBXFrameworksBuildPhase section */
		D851720E25BC88A100CF41E0 /* Frameworks */ = {
			isa = PBXFrameworksBuildPhase;
			buildActionMask = 2147483647;
			files = (
			);
			runOnlyForDeploymentPostprocessing = 0;
		};
/* End PBXFrameworksBuildPhase section */

/* Begin PBXGroup section */
		D851720825BC88A100CF41E0 = {
			isa = PBXGroup;
			children = (
				D851721325BC88A100CF41E0 /* JustSmile */,
				D851721225BC88A100CF41E0 /* Products */,
			);
			sourceTree = "<group>";
		};
		D851721225BC88A100CF41E0 /* Products */ = {
			isa = PBXGroup;
			children = (
				D851721125BC88A100CF41E0 /* JustSmile.app */,
			);
			name = Products;
			sourceTree = "<group>";
		};
		D851721325BC88A100CF41E0 /* JustSmile */ = {
			isa = PBXGroup;
			children = (
				D8B9548325C05F2100086CA0 /* EmotionClassifier.mlmodel */,
				D87A46E625C813ED00A1FC03 /* MyImageClassifier 1.mlmodel */,
				D851721425BC88A100CF41E0 /* AppDelegate.swift */,
				D851721625BC88A100CF41E0 /* SceneDelegate.swift */,
				D851721825BC88A100CF41E0 /* ViewController.swift */,
				D851721A25BC88A100CF41E0 /* Main.storyboard */,
				D851721D25BC88A200CF41E0 /* Assets.xcassets */,
				D851721F25BC88A200CF41E0 /* LaunchScreen.storyboard */,
				D851722225BC88A200CF41E0 /* Info.plist */,
				D84AD9E925C47DB300DD8D8F /* MyPlayground.playground */,
				D87A46E925C8150700A1FC03 /* AdviceDatasource.swift */,
				D87A46EC25C8361400A1FC03 /* RoundedButton.swift */,
				D8F9156925C97A8E00C0869A /* RoundedLabel.swift */,
			);
			path = JustSmile;
			sourceTree = "<group>";
		};
/* End PBXGroup section */

/* Begin PBXNativeTarget section */
		D851721025BC88A100CF41E0 /* JustSmile */ = {
			isa = PBXNativeTarget;
			buildConfigurationList = D851722525BC88A200CF41E0 /* Build configuration list for PBXNativeTarget "JustSmile" */;
			buildPhases = (
				D851720D25BC88A100CF41E0 /* Sources */,
				D851720E25BC88A100CF41E0 /* Frameworks */,
				D851720F25BC88A100CF41E0 /* Resources */,
			);
			buildRules = (
			);
			dependencies = (
			);
			name = JustSmile;
			productName = CoreML_test;
			productReference = D851721125BC88A100CF41E0 /* JustSmile.app */;
			productType = "com.apple.product-type.application";
		};
/* End PBXNativeTarget section */

/* Begin PBXProject section */
		D851720925BC88A100CF41E0 /* Project object */ = {
			isa = PBXProject;
			attributes = {
				LastSwiftUpdateCheck = 1230;
				LastUpgradeCheck = 1230;
				TargetAttributes = {
					D851721025BC88A100CF41E0 = {
						CreatedOnToolsVersion = 12.3;
					};
				};
			};
			buildConfigurationList = D851720C25BC88A100CF41E0 /* Build configuration list for PBXProject "JustSmile" */;
			compatibilityVersion = "Xcode 9.3";
			developmentRegion = en;
			hasScannedForEncodings = 0;
			knownRegions = (
				en,
				Base,
			);
			mainGroup = D851720825BC88A100CF41E0;
			productRefGroup = D851721225BC88A100CF41E0 /* Products */;
			projectDirPath = "";
			projectRoot = "";
			targets = (
				D851721025BC88A100CF41E0 /* JustSmile */,
			);
		};
/* End PBXProject section */

/* Begin PBXResourcesBuildPhase section */
		D851720F25BC88A100CF41E0 /* Resources */ = {
			isa = PBXResourcesBuildPhase;
			buildActionMask = 2147483647;
			files = (
				D851722125BC88A200CF41E0 /* LaunchScreen.storyboard in Resources */,
				D851721E25BC88A200CF41E0 /* Assets.xcassets in Resources */,
				D851721C25BC88A100CF41E0 /* Main.storyboard in Resources */,
			);
			runOnlyForDeploymentPostprocessing = 0;
		};
/* End PBXResourcesBuildPhase section */

/* Begin PBXSourcesBuildPhase section */
		D851720D25BC88A100CF41E0 /* Sources */ = {
			isa = PBXSourcesBuildPhase;
			buildActionMask = 2147483647;
			files = (
				D8B9548425C05F2100086CA0 /* EmotionClassifier.mlmodel in Sources */,
				D87A46E725C813ED00A1FC03 /* MyImageClassifier 1.mlmodel in Sources */,
				D851721925BC88A100CF41E0 /* ViewController.swift in Sources */,
				D851721525BC88A100CF41E0 /* AppDelegate.swift in Sources */,
				D87A46ED25C8361400A1FC03 /* RoundedButton.swift in Sources */,
				D87A46EA25C8150700A1FC03 /* AdviceDatasource.swift in Sources */,
				D8F9156A25C97A8E00C0869A /* RoundedLabel.swift in Sources */,
				D851721725BC88A100CF41E0 /* SceneDelegate.swift in Sources */,
			);
			runOnlyForDeploymentPostprocessing = 0;
		};
/* End PBXSourcesBuildPhase section */

/* Begin PBXVariantGroup section */
		D851721A25BC88A100CF41E0 /* Main.storyboard */ = {
			isa = PBXVariantGroup;
			children = (
				D851721B25BC88A100CF41E0 /* Base */,
			);
			name = Main.storyboard;
			sourceTree = "<group>";
		};
		D851721F25BC88A200CF41E0 /* LaunchScreen.storyboard */ = {
			isa = PBXVariantGroup;
			children = (
				D851722025BC88A200CF41E0 /* Base */,
			);
			name = LaunchScreen.storyboard;
			sourceTree = "<group>";
		};
/* End PBXVariantGroup section */

/* Begin XCBuildConfiguration section */
		D851722325BC88A200CF41E0 /* Debug */ = {
			isa = XCBuildConfiguration;
			buildSettings = {
				ALWAYS_SEARCH_USER_PATHS = NO;
				CLANG_ANALYZER_NONNULL = YES;
				CLANG_ANALYZER_NUMBER_OBJECT_CONVERSION = YES_AGGRESSIVE;
				CLANG_CXX_LANGUAGE_STANDARD = "gnu++14";
				CLANG_CXX_LIBRARY = "libc++";
				CLANG_ENABLE_MODULES = YES;
				CLANG_ENABLE_OBJC_ARC = YES;
				CLANG_ENABLE_OBJC_WEAK = YES;
				CLANG_WARN_BLOCK_CAPTURE_AUTORELEASING = YES;
				CLANG_WARN_BOOL_CONVERSION = YES;
				CLANG_WARN_COMMA = YES;
				CLANG_WARN_CONSTANT_CONVERSION = YES;
				CLANG_WARN_DEPRECATED_OBJC_IMPLEMENTATIONS = YES;
				CLANG_WARN_DIRECT_OBJC_ISA_USAGE = YES_ERROR;
				CLANG_WARN_DOCUMENTATION_COMMENTS = YES;
				CLANG_WARN_EMPTY_BODY = YES;
				CLANG_WARN_ENUM_CONVERSION = YES;
				CLANG_WARN_INFINITE_RECURSION = YES;
				CLANG_WARN_INT_CONVERSION = YES;
				CLANG_WARN_NON_LITERAL_NULL_CONVERSION = YES;
				CLANG_WARN_OBJC_IMPLICIT_RETAIN_SELF = YES;
				CLANG_WARN_OBJC_LITERAL_CONVERSION = YES;
				CLANG_WARN_OBJC_ROOT_CLASS = YES_ERROR;
				CLANG_WARN_QUOTED_INCLUDE_IN_FRAMEWORK_HEADER = YES;
				CLANG_WARN_RANGE_LOOP_ANALYSIS = YES;
				CLANG_WARN_STRICT_PROTOTYPES = YES;
				CLANG_WARN_SUSPICIOUS_MOVE = YES;
				CLANG_WARN_UNGUARDED_AVAILABILITY = YES_AGGRESSIVE;
				CLANG_WARN_UNREACHABLE_CODE = YES;
				CLANG_WARN__DUPLICATE_METHOD_MATCH = YES;
				COPY_PHASE_STRIP = NO;
				DEBUG_INFORMATION_FORMAT = dwarf;
				ENABLE_STRICT_OBJC_MSGSEND = YES;
				ENABLE_TESTABILITY = YES;
				GCC_C_LANGUAGE_STANDARD = gnu11;
				GCC_DYNAMIC_NO_PIC = NO;
				GCC_NO_COMMON_BLOCKS = YES;
				GCC_OPTIMIZATION_LEVEL = 0;
				GCC_PREPROCESSOR_DEFINITIONS = (
					"DEBUG=1",
					"$(inherited)",
				);
				GCC_WARN_64_TO_32_BIT_CONVERSION = YES;
				GCC_WARN_ABOUT_RETURN_TYPE = YES_ERROR;
				GCC_WARN_UNDECLARED_SELECTOR = YES;
				GCC_WARN_UNINITIALIZED_AUTOS = YES_AGGRESSIVE;
				GCC_WARN_UNUSED_FUNCTION = YES;
				GCC_WARN_UNUSED_VARIABLE = YES;
				IPHONEOS_DEPLOYMENT_TARGET = 14.3;
				MTL_ENABLE_DEBUG_INFO = INCLUDE_SOURCE;
				MTL_FAST_MATH = YES;
				ONLY_ACTIVE_ARCH = YES;
				SDKROOT = iphoneos;
				SWIFT_ACTIVE_COMPILATION_CONDITIONS = DEBUG;
				SWIFT_OPTIMIZATION_LEVEL = "-Onone";
			};
			name = Debug;
		};
		D851722425BC88A200CF41E0 /* Release */ = {
			isa = XCBuildConfiguration;
			buildSettings = {
				ALWAYS_SEARCH_USER_PATHS = NO;
				CLANG_ANALYZER_NONNULL = YES;
				CLANG_ANALYZER_NUMBER_OBJECT_CONVERSION = YES_AGGRESSIVE;
				CLANG_CXX_LANGUAGE_STANDARD = "gnu++14";
				CLANG_CXX_LIBRARY = "libc++";
				CLANG_ENABLE_MODULES = YES;
				CLANG_ENABLE_OBJC_ARC = YES;
				CLANG_ENABLE_OBJC_WEAK = YES;
				CLANG_WARN_BLOCK_CAPTURE_AUTORELEASING = YES;
				CLANG_WARN_BOOL_CONVERSION = YES;
				CLANG_WARN_COMMA = YES;
				CLANG_WARN_CONSTANT_CONVERSION = YES;
				CLANG_WARN_DEPRECATED_OBJC_IMPLEMENTATIONS = YES;
				CLANG_WARN_DIRECT_OBJC_ISA_USAGE = YES_ERROR;
				CLANG_WARN_DOCUMENTATION_COMMENTS = YES;
				CLANG_WARN_EMPTY_BODY = YES;
				CLANG_WARN_ENUM_CONVERSION = YES;
				CLANG_WARN_INFINITE_RECURSION = YES;
				CLANG_WARN_INT_CONVERSION = YES;
				CLANG_WARN_NON_LITERAL_NULL_CONVERSION = YES;
				CLANG_WARN_OBJC_IMPLICIT_RETAIN_SELF = YES;
				CLANG_WARN_OBJC_LITERAL_CONVERSION = YES;
				CLANG_WARN_OBJC_ROOT_CLASS = YES_ERROR;
				CLANG_WARN_QUOTED_INCLUDE_IN_FRAMEWORK_HEADER = YES;
				CLANG_WARN_RANGE_LOOP_ANALYSIS = YES;
				CLANG_WARN_STRICT_PROTOTYPES = YES;
				CLANG_WARN_SUSPICIOUS_MOVE = YES;
				CLANG_WARN_UNGUARDED_AVAILABILITY = YES_AGGRESSIVE;
				CLANG_WARN_UNREACHABLE_CODE = YES;
				CLANG_WARN__DUPLICATE_METHOD_MATCH = YES;
				COPY_PHASE_STRIP = NO;
				DEBUG_INFORMATION_FORMAT = "dwarf-with-dsym";
				ENABLE_NS_ASSERTIONS = NO;
				ENABLE_STRICT_OBJC_MSGSEND = YES;
				GCC_C_LANGUAGE_STANDARD = gnu11;
				GCC_NO_COMMON_BLOCKS = YES;
				GCC_WARN_64_TO_32_BIT_CONVERSION = YES;
				GCC_WARN_ABOUT_RETURN_TYPE = YES_ERROR;
				GCC_WARN_UNDECLARED_SELECTOR = YES;
				GCC_WARN_UNINITIALIZED_AUTOS = YES_AGGRESSIVE;
				GCC_WARN_UNUSED_FUNCTION = YES;
				GCC_WARN_UNUSED_VARIABLE = YES;
				IPHONEOS_DEPLOYMENT_TARGET = 14.3;
				MTL_ENABLE_DEBUG_INFO = NO;
				MTL_FAST_MATH = YES;
				SDKROOT = iphoneos;
				SWIFT_COMPILATION_MODE = wholemodule;
				SWIFT_OPTIMIZATION_LEVEL = "-O";
				VALIDATE_PRODUCT = YES;
			};
			name = Release;
		};
		D851722625BC88A200CF41E0 /* Debug */ = {
			isa = XCBuildConfiguration;
			buildSettings = {
				ASSETCATALOG_COMPILER_APPICON_NAME = AppIcon;
				ASSETCATALOG_COMPILER_GLOBAL_ACCENT_COLOR_NAME = AccentColor;
				CODE_SIGN_STYLE = Automatic;
				DEVELOPMENT_TEAM = 9A6LT55JPP;
				INFOPLIST_FILE = JustSmile/Info.plist;
				LD_RUNPATH_SEARCH_PATHS = (
					"$(inherited)",
					"@executable_path/Frameworks",
				);
				PRODUCT_BUNDLE_IDENTIFIER = "Kaban.CoreML-test";
				PRODUCT_NAME = "$(TARGET_NAME)";
				SWIFT_VERSION = 5.0;
				TARGETED_DEVICE_FAMILY = "1,2";
			};
			name = Debug;
		};
		D851722725BC88A200CF41E0 /* Release */ = {
			isa = XCBuildConfiguration;
			buildSettings = {
				ASSETCATALOG_COMPILER_APPICON_NAME = AppIcon;
				ASSETCATALOG_COMPILER_GLOBAL_ACCENT_COLOR_NAME = AccentColor;
				CODE_SIGN_STYLE = Automatic;
				DEVELOPMENT_TEAM = 9A6LT55JPP;
				INFOPLIST_FILE = JustSmile/Info.plist;
				LD_RUNPATH_SEARCH_PATHS = (
					"$(inherited)",
					"@executable_path/Frameworks",
				);
				PRODUCT_BUNDLE_IDENTIFIER = "Kaban.CoreML-test";
				PRODUCT_NAME = "$(TARGET_NAME)";
				SWIFT_VERSION = 5.0;
				TARGETED_DEVICE_FAMILY = "1,2";
			};
			name = Release;
		};
/* End XCBuildConfiguration section */

/* Begin XCConfigurationList section */
		D851720C25BC88A100CF41E0 /* Build configuration list for PBXProject "JustSmile" */ = {
			isa = XCConfigurationList;
			buildConfigurations = (
				D851722325BC88A200CF41E0 /* Debug */,
				D851722425BC88A200CF41E0 /* Release */,
			);
			defaultConfigurationIsVisible = 0;
			defaultConfigurationName = Release;
		};
		D851722525BC88A200CF41E0 /* Build configuration list for PBXNativeTarget "JustSmile" */ = {
			isa = XCConfigurationList;
			buildConfigurations = (
				D851722625BC88A200CF41E0 /* Debug */,
				D851722725BC88A200CF41E0 /* Release */,
			);
			defaultConfigurationIsVisible = 0;
			defaultConfigurationName = Release;
		};
/* End XCConfigurationList section */
	};
	rootObject = D851720925BC88A100CF41E0 /* Project object */;
}
